
Microsoft Visual Studio Solution File, Format Version 12.00
# Visual Studio Version 17
VisualStudioVersion = 17.0.31903.59
MinimumVisualStudioVersion = 10.0.40219.1
Project("{2150E333-8FDC-42A3-9474-1A3956D46DE8}") = "src", "src", "{827E0CD3-B72D-47B6-A68D-7590B98EB39B}"
EndProject
Project("{FAE04EC0-301F-11D3-BF4B-00C04F79EFBC}") = "JinPingMei.Game", "src\JinPingMei.Game\JinPingMei.Game.csproj", "{B53AEF08-6896-4069-B048-B96F1AE8CC82}"
EndProject
Project("{FAE04EC0-301F-11D3-BF4B-00C04F79EFBC}") = "JinPingMei.Engine", "src\JinPingMei.Engine\JinPingMei.Engine.csproj", "{06E466CC-8743-4E97-B07A-B1949783B4C2}"
EndProject
Project("{FAE04EC0-301F-11D3-BF4B-00C04F79EFBC}") = "JinPingMei.AI", "src\JinPingMei.AI\JinPingMei.AI.csproj", "{1BB814C8-0814-4F5F-9BB0-3D6E4CB474E4}"
EndProject
Project("{FAE04EC0-301F-11D3-BF4B-00C04F79EFBC}") = "JinPingMei.Content", "src\JinPingMei.Content\JinPingMei.Content.csproj", "{5B7BC9C8-5185-40C6-AD03-3595215A20FC}"
EndProject
Project("{FAE04EC0-301F-11D3-BF4B-00C04F79EFBC}") = "JinPingMei.Engine.Tests", "tests\JinPingMei.Engine.Tests\JinPingMei.Engine.Tests.csproj", "{188E9A55-E057-4347-B1F3-0A382944C90D}"
EndProject
Global
	GlobalSection(SolutionConfigurationPlatforms) = preSolution
		Debug|Any CPU = Debug|Any CPU
		Debug|x64 = Debug|x64
		Debug|x86 = Debug|x86
		Release|Any CPU = Release|Any CPU
		Release|x64 = Release|x64
		Release|x86 = Release|x86
	EndGlobalSection
	GlobalSection(ProjectConfigurationPlatforms) = postSolution
		{B53AEF08-6896-4069-B048-B96F1AE8CC82}.Debug|Any CPU.ActiveCfg = Debug|Any CPU
		{B53AEF08-6896-4069-B048-B96F1AE8CC82}.Debug|Any CPU.Build.0 = Debug|Any CPU
		{B53AEF08-6896-4069-B048-B96F1AE8CC82}.Debug|x64.ActiveCfg = Debug|Any CPU
		{B53AEF08-6896-4069-B048-B96F1AE8CC82}.Debug|x64.Build.0 = Debug|Any CPU
		{B53AEF08-6896-4069-B048-B96F1AE8CC82}.Debug|x86.ActiveCfg = Debug|Any CPU
		{B53AEF08-6896-4069-B048-B96F1AE8CC82}.Debug|x86.Build.0 = Debug|Any CPU
		{B53AEF08-6896-4069-B048-B96F1AE8CC82}.Release|Any CPU.ActiveCfg = Release|Any CPU
		{B53AEF08-6896-4069-B048-B96F1AE8CC82}.Release|Any CPU.Build.0 = Release|Any CPU
		{B53AEF08-6896-4069-B048-B96F1AE8CC82}.Release|x64.ActiveCfg = Release|Any CPU
		{B53AEF08-6896-4069-B048-B96F1AE8CC82}.Release|x64.Build.0 = Release|Any CPU
		{B53AEF08-6896-4069-B048-B96F1AE8CC82}.Release|x86.ActiveCfg = Release|Any CPU
		{B53AEF08-6896-4069-B048-B96F1AE8CC82}.Release|x86.Build.0 = Release|Any CPU
		{06E466CC-8743-4E97-B07A-B1949783B4C2}.Debug|Any CPU.ActiveCfg = Debug|Any CPU
		{06E466CC-8743-4E97-B07A-B1949783B4C2}.Debug|Any CPU.Build.0 = Debug|Any CPU
		{06E466CC-8743-4E97-B07A-B1949783B4C2}.Debug|x64.ActiveCfg = Debug|Any CPU
		{06E466CC-8743-4E97-B07A-B1949783B4C2}.Debug|x64.Build.0 = Debug|Any CPU
		{06E466CC-8743-4E97-B07A-B1949783B4C2}.Debug|x86.ActiveCfg = Debug|Any CPU
		{06E466CC-8743-4E97-B07A-B1949783B4C2}.Debug|x86.Build.0 = Debug|Any CPU
		{06E466CC-8743-4E97-B07A-B1949783B4C2}.Release|Any CPU.ActiveCfg = Release|Any CPU
		{06E466CC-8743-4E97-B07A-B1949783B4C2}.Release|Any CPU.Build.0 = Release|Any CPU
		{06E466CC-8743-4E97-B07A-B1949783B4C2}.Release|x64.ActiveCfg = Release|Any CPU
		{06E466CC-8743-4E97-B07A-B1949783B4C2}.Release|x64.Build.0 = Release|Any CPU
		{06E466CC-8743-4E97-B07A-B1949783B4C2}.Release|x86.ActiveCfg = Release|Any CPU
		{06E466CC-8743-4E97-B07A-B1949783B4C2}.Release|x86.Build.0 = Release|Any CPU
		{1BB814C8-0814-4F5F-9BB0-3D6E4CB474E4}.Debug|Any CPU.ActiveCfg = Debug|Any CPU
		{1BB814C8-0814-4F5F-9BB0-3D6E4CB474E4}.Debug|Any CPU.Build.0 = Debug|Any CPU
		{1BB814C8-0814-4F5F-9BB0-3D6E4CB474E4}.Debug|x64.ActiveCfg = Debug|Any CPU
		{1BB814C8-0814-4F5F-9BB0-3D6E4CB474E4}.Debug|x64.Build.0 = Debug|Any CPU
		{1BB814C8-0814-4F5F-9BB0-3D6E4CB474E4}.Debug|x86.ActiveCfg = Debug|Any CPU
		{1BB814C8-0814-4F5F-9BB0-3D6E4CB474E4}.Debug|x86.Build.0 = Debug|Any CPU
		{1BB814C8-0814-4F5F-9BB0-3D6E4CB474E4}.Release|Any CPU.ActiveCfg = Release|Any CPU
		{1BB814C8-0814-4F5F-9BB0-3D6E4CB474E4}.Release|Any CPU.Build.0 = Release|Any CPU
		{1BB814C8-0814-4F5F-9BB0-3D6E4CB474E4}.Release|x64.ActiveCfg = Release|Any CPU
		{1BB814C8-0814-4F5F-9BB0-3D6E4CB474E4}.Release|x64.Build.0 = Release|Any CPU
		{1BB814C8-0814-4F5F-9BB0-3D6E4CB474E4}.Release|x86.ActiveCfg = Release|Any CPU
		{1BB814C8-0814-4F5F-9BB0-3D6E4CB474E4}.Release|x86.Build.0 = Release|Any CPU
		{5B7BC9C8-5185-40C6-AD03-3595215A20FC}.Debug|Any CPU.ActiveCfg = Debug|Any CPU
		{5B7BC9C8-5185-40C6-AD03-3595215A20FC}.Debug|Any CPU.Build.0 = Debug|Any CPU
		{5B7BC9C8-5185-40C6-AD03-3595215A20FC}.Debug|x64.ActiveCfg = Debug|Any CPU
		{5B7BC9C8-5185-40C6-AD03-3595215A20FC}.Debug|x64.Build.0 = Debug|Any CPU
		{5B7BC9C8-5185-40C6-AD03-3595215A20FC}.Debug|x86.ActiveCfg = Debug|Any CPU
		{5B7BC9C8-5185-40C6-AD03-3595215A20FC}.Debug|x86.Build.0 = Debug|Any CPU
		{5B7BC9C8-5185-40C6-AD03-3595215A20FC}.Release|Any CPU.ActiveCfg = Release|Any CPU
		{5B7BC9C8-5185-40C6-AD03-3595215A20FC}.Release|Any CPU.Build.0 = Release|Any CPU
		{5B7BC9C8-5185-40C6-AD03-3595215A20FC}.Release|x64.ActiveCfg = Release|Any CPU
		{5B7BC9C8-5185-40C6-AD03-3595215A20FC}.Release|x64.Build.0 = Release|Any CPU
		{5B7BC9C8-5185-40C6-AD03-3595215A20FC}.Release|x86.ActiveCfg = Release|Any CPU
		{5B7BC9C8-5185-40C6-AD03-3595215A20FC}.Release|x86.Build.0 = Release|Any CPU
		{188E9A55-E057-4347-B1F3-0A382944C90D}.Debug|Any CPU.ActiveCfg = Debug|Any CPU
		{188E9A55-E057-4347-B1F3-0A382944C90D}.Debug|Any CPU.Build.0 = Debug|Any CPU
		{188E9A55-E057-4347-B1F3-0A382944C90D}.Debug|x64.ActiveCfg = Debug|Any CPU
		{188E9A55-E057-4347-B1F3-0A382944C90D}.Debug|x64.Build.0 = Debug|Any CPU
		{188E9A55-E057-4347-B1F3-0A382944C90D}.Debug|x86.ActiveCfg = Debug|Any CPU
		{188E9A55-E057-4347-B1F3-0A382944C90D}.Debug|x86.Build.0 = Debug|Any CPU
		{188E9A55-E057-4347-B1F3-0A382944C90D}.Release|Any CPU.ActiveCfg = Release|Any CPU
		{188E9A55-E057-4347-B1F3-0A382944C90D}.Release|Any CPU.Build.0 = Release|Any CPU
		{188E9A55-E057-4347-B1F3-0A382944C90D}.Release|x64.ActiveCfg = Release|Any CPU
		{188E9A55-E057-4347-B1F3-0A382944C90D}.Release|x64.Build.0 = Release|Any CPU
		{188E9A55-E057-4347-B1F3-0A382944C90D}.Release|x86.ActiveCfg = Release|Any CPU
		{188E9A55-E057-4347-B1F3-0A382944C90D}.Release|x86.Build.0 = Release|Any CPU
	EndGlobalSection
	GlobalSection(SolutionProperties) = preSolution
		HideSolutionNode = FALSE
	EndGlobalSection
	GlobalSection(NestedProjects) = preSolution
		{B53AEF08-6896-4069-B048-B96F1AE8CC82} = {827E0CD3-B72D-47B6-A68D-7590B98EB39B}
		{06E466CC-8743-4E97-B07A-B1949783B4C2} = {827E0CD3-B72D-47B6-A68D-7590B98EB39B}
		{1BB814C8-0814-4F5F-9BB0-3D6E4CB474E4} = {827E0CD3-B72D-47B6-A68D-7590B98EB39B}
		{5B7BC9C8-5185-40C6-AD03-3595215A20FC} = {827E0CD3-B72D-47B6-A68D-7590B98EB39B}
		{188E9A55-E057-4347-B1F3-0A382944C90D} = {827E0CD3-B72D-47B6-A68D-7590B98EB39B}
	EndGlobalSection
EndGlobal
